
Microsoft Visual Studio Solution File, Format Version 12.00
# Visual Studio Version 17
VisualStudioVersion = 17.10.35004.147
MinimumVisualStudioVersion = 10.0.40219.1
Project("{9A19103F-16F7-4668-BE54-9A1E7A4F7556}") = "MyApplication", "MyApplication\MyApplication.csproj", "{221A754C-9BDE-483E-8E84-7C679758CA72}"
EndProject
Global
	GlobalSection(SolutionConfigurationPlatforms) = preSolution
		Debug|Any CPU = Debug|Any CPU
		Release|Any CPU = Release|Any CPU
	EndGlobalSection
	GlobalSection(ProjectConfigurationPlatforms) = postSolution
		{221A754C-9BDE-483E-8E84-7C679758CA72}.Debug|Any CPU.ActiveCfg = Debug|Any CPU
		{221A754C-9BDE-483E-8E84-7C679758CA72}.Debug|Any CPU.Build.0 = Debug|Any CPU
		{221A754C-9BDE-483E-8E84-7C679758CA72}.Release|Any CPU.ActiveCfg = Release|Any CPU
		{221A754C-9BDE-483E-8E84-7C679758CA72}.Release|Any CPU.Build.0 = Release|Any CPU
	EndGlobalSection
	GlobalSection(SolutionProperties) = preSolution
		HideSolutionNode = FALSE
	EndGlobalSection
	GlobalSection(ExtensibilityGlobals) = postSolution
		SolutionGuid = {258CF219-7C1D-43EF-BBF8-7A65B392EBC2}
	EndGlobalSection
EndGlobal
